
Microsoft Visual Studio Solution File, Format Version 12.00
# Visual Studio Version 17
VisualStudioVersion = 17.4.33205.214
MinimumVisualStudioVersion = 10.0.40219.1
Project("{FAE04EC0-301F-11D3-BF4B-00C04F79EFBC}") = "diviseur", "diviseur\diviseur.csproj", "{83B86A86-34F5-4606-990E-A5FDDD029925}"
EndProject
Global
	GlobalSection(SolutionConfigurationPlatforms) = preSolution
		Debug|Any CPU = Debug|Any CPU
		Release|Any CPU = Release|Any CPU
	EndGlobalSection
	GlobalSection(ProjectConfigurationPlatforms) = postSolution
		{83B86A86-34F5-4606-990E-A5FDDD029925}.Debug|Any CPU.ActiveCfg = Debug|Any CPU
		{83B86A86-34F5-4606-990E-A5FDDD029925}.Debug|Any CPU.Build.0 = Debug|Any CPU
		{83B86A86-34F5-4606-990E-A5FDDD029925}.Release|Any CPU.ActiveCfg = Release|Any CPU
		{83B86A86-34F5-4606-990E-A5FDDD029925}.Release|Any CPU.Build.0 = Release|Any CPU
	EndGlobalSection
	GlobalSection(SolutionProperties) = preSolution
		HideSolutionNode = FALSE
	EndGlobalSection
	GlobalSection(ExtensibilityGlobals) = postSolution
		SolutionGuid = {C94AB0C8-CA4E-4A25-8523-262D2D824EE0}
	EndGlobalSection
EndGlobal
