
Microsoft Visual Studio Solution File, Format Version 12.00
# Visual Studio Version 17
VisualStudioVersion = 17.4.33205.214
MinimumVisualStudioVersion = 10.0.40219.1
Project("{FAE04EC0-301F-11D3-BF4B-00C04F79EFBC}") = "fenetre_modale", "fenetre_modale\fenetre_modale.csproj", "{0AB19CFE-EC19-49FB-8C71-9C8175265DC3}"
EndProject
Global
	GlobalSection(SolutionConfigurationPlatforms) = preSolution
		Debug|Any CPU = Debug|Any CPU
		Release|Any CPU = Release|Any CPU
	EndGlobalSection
	GlobalSection(ProjectConfigurationPlatforms) = postSolution
		{0AB19CFE-EC19-49FB-8C71-9C8175265DC3}.Debug|Any CPU.ActiveCfg = Debug|Any CPU
		{0AB19CFE-EC19-49FB-8C71-9C8175265DC3}.Debug|Any CPU.Build.0 = Debug|Any CPU
		{0AB19CFE-EC19-49FB-8C71-9C8175265DC3}.Release|Any CPU.ActiveCfg = Release|Any CPU
		{0AB19CFE-EC19-49FB-8C71-9C8175265DC3}.Release|Any CPU.Build.0 = Release|Any CPU
	EndGlobalSection
	GlobalSection(SolutionProperties) = preSolution
		HideSolutionNode = FALSE
	EndGlobalSection
	GlobalSection(ExtensibilityGlobals) = postSolution
		SolutionGuid = {735EE2C2-04F4-46A6-83F0-F18C9F3FF255}
	EndGlobalSection
EndGlobal
